
Microsoft Visual Studio Solution File, Format Version 12.00
# Visual Studio Version 17
VisualStudioVersion = 17.9.34902.65
MinimumVisualStudioVersion = 10.0.40219.1
Project("{FAE04EC0-301F-11D3-BF4B-00C04F79EFBC}") = "Assignment1", "Assignment1\Assignment1.csproj", "{9CB3C023-D80E-4180-B3BD-2884271FFABA}"
EndProject
Global
	GlobalSection(SolutionConfigurationPlatforms) = preSolution
		Debug|Any CPU = Debug|Any CPU
		Release|Any CPU = Release|Any CPU
	EndGlobalSection
	GlobalSection(ProjectConfigurationPlatforms) = postSolution
		{9CB3C023-D80E-4180-B3BD-2884271FFABA}.Debug|Any CPU.ActiveCfg = Debug|Any CPU
		{9CB3C023-D80E-4180-B3BD-2884271FFABA}.Debug|Any CPU.Build.0 = Debug|Any CPU
		{9CB3C023-D80E-4180-B3BD-2884271FFABA}.Release|Any CPU.ActiveCfg = Release|Any CPU
		{9CB3C023-D80E-4180-B3BD-2884271FFABA}.Release|Any CPU.Build.0 = Release|Any CPU
	EndGlobalSection
	GlobalSection(SolutionProperties) = preSolution
		HideSolutionNode = FALSE
	EndGlobalSection
	GlobalSection(ExtensibilityGlobals) = postSolution
		SolutionGuid = {8F53A6DA-473F-4286-868D-132B04708CBF}
	EndGlobalSection
EndGlobal
